Microsoft Visual Studio Solution File, Format Version 11.00
# Visual Studio 2008

Project("{BE0BADE6-E749-DD2D-F5B4-FA435805F980}") = "webcam0.991a", "Assembly-CSharp-firstpass-vs.csproj", "{84367500-FCE6-88DC-73FE-7EDEFFF58813}"
EndProject
Project("{BE0BADE6-E749-DD2D-F5B4-FA435805F980}") = "webcam0.991a", "Assembly-CSharp-vs.csproj", "{A65FA384-D231-2E7D-1050-7E1E514C18F1}"
EndProject
Project("{BE0BADE6-E749-DD2D-F5B4-FA435805F980}") = "webcam0.991a", "Assembly-CSharp-Editor-vs.csproj", "{DCA1A2D9-FB42-9A73-1283-CE70ACDC0146}"
EndProject
Global
	GlobalSection(SolutionConfigurationPlatforms) = preSolution
		Debug|Any CPU = Debug|Any CPU
		Release|Any CPU = Release|Any CPU
	EndGlobalSection
	GlobalSection(ProjectConfigurationPlatforms) = postSolution
		{84367500-FCE6-88DC-73FE-7EDEFFF58813}.Debug|Any CPU.ActiveCfg = Debug|Any CPU
		{84367500-FCE6-88DC-73FE-7EDEFFF58813}.Debug|Any CPU.Build.0 = Debug|Any CPU
		{84367500-FCE6-88DC-73FE-7EDEFFF58813}.Release|Any CPU.ActiveCfg = Release|Any CPU
		{84367500-FCE6-88DC-73FE-7EDEFFF58813}.Release|Any CPU.Build.0 = Release|Any CPU
		{A65FA384-D231-2E7D-1050-7E1E514C18F1}.Debug|Any CPU.ActiveCfg = Debug|Any CPU
		{A65FA384-D231-2E7D-1050-7E1E514C18F1}.Debug|Any CPU.Build.0 = Debug|Any CPU
		{A65FA384-D231-2E7D-1050-7E1E514C18F1}.Release|Any CPU.ActiveCfg = Release|Any CPU
		{A65FA384-D231-2E7D-1050-7E1E514C18F1}.Release|Any CPU.Build.0 = Release|Any CPU
		{DCA1A2D9-FB42-9A73-1283-CE70ACDC0146}.Debug|Any CPU.ActiveCfg = Debug|Any CPU
		{DCA1A2D9-FB42-9A73-1283-CE70ACDC0146}.Debug|Any CPU.Build.0 = Debug|Any CPU
		{DCA1A2D9-FB42-9A73-1283-CE70ACDC0146}.Release|Any CPU.ActiveCfg = Release|Any CPU
		{DCA1A2D9-FB42-9A73-1283-CE70ACDC0146}.Release|Any CPU.Build.0 = Release|Any CPU
	EndGlobalSection
	GlobalSection(SolutionProperties) = preSolution
		HideSolutionNode = FALSE
	EndGlobalSection
							GlobalSection(MonoDevelopProperties) = preSolution
		StartupItem = Assembly-CSharp.csproj
		Policies = $0
		$0.TextStylePolicy = $1
		$1.inheritsSet = null
		$1.scope = text/x-csharp
		$0.CSharpFormattingPolicy = $2
		$2.inheritsSet = Mono
		$2.inheritsScope = text/x-csharp
		$2.scope = text/x-csharp
		$0.TextStylePolicy = $3
		$3.FileWidth = 120
		$3.TabWidth = 4
		$3.EolMarker = Unix
		$3.inheritsSet = Mono
		$3.inheritsScope = text/plain
		$3.scope = text/plain
	EndGlobalSection

EndGlobal
